
Microsoft Visual Studio Solution File, Format Version 12.00
# Visual Studio Version 16
VisualStudioVersion = 16.0.31624.102
MinimumVisualStudioVersion = 10.0.40219.1
Project("{FAE04EC0-301F-11D3-BF4B-00C04F79EFBC}") = "DataBase_Sheild_M", "DataBase_Sheild_M\DataBase_Sheild_M.csproj", "{CFD1DABE-396E-4F92-AD43-99C436949614}"
EndProject
Project("{2150E333-8FDC-42A3-9474-1A3956D46DE8}") = "Report_Sheld_M_Folder", "Report_Sheld_M_Folder", "{8EABE62D-AED6-4955-BC8B-BA01F1007A0A}"
EndProject
Project("{FAE04EC0-301F-11D3-BF4B-00C04F79EFBC}") = "Report_Sheild_M", "..\Report_Sheild_M_Solution\Report_Sheild_M\Report_Sheild_M.csproj", "{4049EAC9-3B77-4F93-BF44-36B99F700747}"
EndProject
Project("{FAE04EC0-301F-11D3-BF4B-00C04F79EFBC}") = "Report_Sheild_M_Interfaces", "..\Report_Sheild_M_Solution\Report_Sheild_M_Interfaces\Report_Sheild_M_Interfaces.csproj", "{9996C3E6-7609-416A-B7EC-434194E96C7C}"
EndProject
Project("{FAE04EC0-301F-11D3-BF4B-00C04F79EFBC}") = "ReportForm", "..\Report_Sheild_M_Solution\ReportForm\ReportForm\ReportForm.csproj", "{FDFA8358-6A0D-4545-AD83-65912B667A4C}"
EndProject
Project("{FAE04EC0-301F-11D3-BF4B-00C04F79EFBC}") = "GeneralInterfaces", "..\AncillaryControls\GeneralInterfaces\GeneralInterfaces.csproj", "{8DB233E1-3712-4FFD-95E0-A57560E4EE3A}"
EndProject
Project("{FAE04EC0-301F-11D3-BF4B-00C04F79EFBC}") = "ChartScaleCalculatorClassLibrary", "..\AncillaryControls\ChartScaleCalculatorClassLibrary\ChartScaleCalculatorClassLibrary.csproj", "{146C7DA0-CFF0-4C2D-A95D-0AF474058FEB}"
EndProject
Project("{FAE04EC0-301F-11D3-BF4B-00C04F79EFBC}") = "ResultOptionsAncillaryElements", "ResultOptionsAncillaryElements\ResultOptionsAncillaryElements.csproj", "{FA4B5CF7-7B8B-4EE8-951A-A5E259DCF060}"
EndProject
Project("{FAE04EC0-301F-11D3-BF4B-00C04F79EFBC}") = "ResultTypesClassLibrary", "ResultTypesClassLibrary\ResultTypesClassLibrary.csproj", "{2B4A0D86-710C-4786-A3A1-12A1D043B3B0}"
EndProject
Project("{FAE04EC0-301F-11D3-BF4B-00C04F79EFBC}") = "Reports", "..\Report_Sheild_M_Solution\Reports_From_Vector\Reports.csproj", "{A94FA880-C393-4843-B669-7E80B45C0489}"
EndProject
Project("{2150E333-8FDC-42A3-9474-1A3956D46DE8}") = "AncillaryControls", "AncillaryControls", "{BE2DACC6-E33C-47BB-B4BC-7D28BD745151}"
EndProject
Project("{FAE04EC0-301F-11D3-BF4B-00C04F79EFBC}") = "HendBandFormApplication", "..\AncillaryControls\HendBandFormApplication\HendBandFormApplication.csproj", "{09972106-4846-44B9-812A-E41C200043FC}"
EndProject
Project("{FAE04EC0-301F-11D3-BF4B-00C04F79EFBC}") = "UniversalXmlSerializerClassLibrary", "..\AncillaryControls\UniversalXmlSerializer\UniversalXmlSerializerClassLibrary.csproj", "{A1874CBF-F10A-42BE-93C0-BC7E6A7FE3CA}"
EndProject
Project("{FAE04EC0-301F-11D3-BF4B-00C04F79EFBC}") = "AncillaryDBForms", "AncillaryDBForms\AncillaryDBForms.csproj", "{D77EAE8D-EA7A-4B73-A4C2-1D975225AF9D}"
EndProject
Project("{2150E333-8FDC-42A3-9474-1A3956D46DE8}") = "DB_Forms_Folder", "DB_Forms_Folder", "{2AC0CC49-E5F9-44A5-A537-2944B84300D4}"
EndProject
Project("{2150E333-8FDC-42A3-9474-1A3956D46DE8}") = "DB_ResultsClass", "DB_ResultsClass", "{E303BE2F-CB2E-43E7-B7FC-6E09D858F824}"
EndProject
Project("{FAE04EC0-301F-11D3-BF4B-00C04F79EFBC}") = "ResultOptionsBaseElements", "ResultOptionsBaseElements\ResultOptionsBaseElements.csproj", "{9FF1306E-4100-4C41-A8F8-9D567C9AC56E}"
EndProject
Project("{FAE04EC0-301F-11D3-BF4B-00C04F79EFBC}") = "DB_Forms", "DB_Forms\DB_Forms.csproj", "{2DE9F17C-F772-4B5C-A865-655E8BA95C3C}"
EndProject
Project("{FAE04EC0-301F-11D3-BF4B-00C04F79EFBC}") = "DB_Controls", "DB_Controls\DB_Controls.csproj", "{70095660-3A89-43DE-8792-579723F0C3C1}"
EndProject
Project("{FAE04EC0-301F-11D3-BF4B-00C04F79EFBC}") = "ZVBOptionsClassLibrary", "..\..\Analizer_NEW\ZVBOptionsClassLibrary\ZVBOptionsClassLibrary.csproj", "{C07127DE-9DBA-4D22-8353-CD96DBC905FF}"
EndProject
Project("{FAE04EC0-301F-11D3-BF4B-00C04F79EFBC}") = "PreviewGraphControlLibrary", "..\AncillaryControls\PreviewGraphControlLibrary\PreviewGraphControlLibrary.csproj", "{EED02864-4E42-47ED-AD68-416188CA73DA}"
EndProject
Project("{FAE04EC0-301F-11D3-BF4B-00C04F79EFBC}") = "DB_Interface", "DB_Interface\DB_Interface.csproj", "{A6A4BE1B-DDF6-496C-9F78-5BD546261722}"
EndProject
Project("{FAE04EC0-301F-11D3-BF4B-00C04F79EFBC}") = "DB_Loader", "DB_Loader\DB_Loader.csproj", "{89964DA2-8D85-422F-9351-379ADB2F51CE}"
EndProject
Project("{FAE04EC0-301F-11D3-BF4B-00C04F79EFBC}") = "XML_Sheild_M_Loader", "XML_Sheild_M_Loader\XML_Sheild_M_Loader.csproj", "{CB21F4C6-96F8-43AA-8CD2-0425509D5FD1}"
EndProject
Project("{FAE04EC0-301F-11D3-BF4B-00C04F79EFBC}") = "Main_DB_Part_Loader", "Main_DB_Part_Loader\Main_DB_Part_Loader.csproj", "{2CDD4901-D49F-4E2C-B0C4-B7081FBE5571}"
EndProject
Project("{FAE04EC0-301F-11D3-BF4B-00C04F79EFBC}") = "ComboBox_LoaderOptions", "..\AncillaryControls\ComboBox_LoaderOptions\ComboBox_LoaderOptions.csproj", "{A9140EDA-02DD-4F21-A1C9-74020FE5F7C4}"
EndProject
Project("{FAE04EC0-301F-11D3-BF4B-00C04F79EFBC}") = "OpenXML_DocumentCreator", "..\AncillaryControls\OpenXML_DocumentCreator\OpenXML_DocumentCreator.csproj", "{CFAFC828-5AF4-442E-B658-A6429042A602}"
EndProject
Global
	GlobalSection(SolutionConfigurationPlatforms) = preSolution
		Debug|Any CPU = Debug|Any CPU
		Release|Any CPU = Release|Any CPU
	EndGlobalSection
	GlobalSection(ProjectConfigurationPlatforms) = postSolution
		{CFD1DABE-396E-4F92-AD43-99C436949614}.Debug|Any CPU.ActiveCfg = Debug|Any CPU
		{CFD1DABE-396E-4F92-AD43-99C436949614}.Debug|Any CPU.Build.0 = Debug|Any CPU
		{CFD1DABE-396E-4F92-AD43-99C436949614}.Release|Any CPU.ActiveCfg = Release|Any CPU
		{CFD1DABE-396E-4F92-AD43-99C436949614}.Release|Any CPU.Build.0 = Release|Any CPU
		{4049EAC9-3B77-4F93-BF44-36B99F700747}.Debug|Any CPU.ActiveCfg = Debug|Any CPU
		{4049EAC9-3B77-4F93-BF44-36B99F700747}.Debug|Any CPU.Build.0 = Debug|Any CPU
		{4049EAC9-3B77-4F93-BF44-36B99F700747}.Release|Any CPU.ActiveCfg = Release|Any CPU
		{4049EAC9-3B77-4F93-BF44-36B99F700747}.Release|Any CPU.Build.0 = Release|Any CPU
		{9996C3E6-7609-416A-B7EC-434194E96C7C}.Debug|Any CPU.ActiveCfg = Debug|Any CPU
		{9996C3E6-7609-416A-B7EC-434194E96C7C}.Debug|Any CPU.Build.0 = Debug|Any CPU
		{9996C3E6-7609-416A-B7EC-434194E96C7C}.Release|Any CPU.ActiveCfg = Release|Any CPU
		{9996C3E6-7609-416A-B7EC-434194E96C7C}.Release|Any CPU.Build.0 = Release|Any CPU
		{FDFA8358-6A0D-4545-AD83-65912B667A4C}.Debug|Any CPU.ActiveCfg = Debug|Any CPU
		{FDFA8358-6A0D-4545-AD83-65912B667A4C}.Debug|Any CPU.Build.0 = Debug|Any CPU
		{FDFA8358-6A0D-4545-AD83-65912B667A4C}.Release|Any CPU.ActiveCfg = Release|Any CPU
		{FDFA8358-6A0D-4545-AD83-65912B667A4C}.Release|Any CPU.Build.0 = Release|Any CPU
		{8DB233E1-3712-4FFD-95E0-A57560E4EE3A}.Debug|Any CPU.ActiveCfg = Debug|Any CPU
		{8DB233E1-3712-4FFD-95E0-A57560E4EE3A}.Debug|Any CPU.Build.0 = Debug|Any CPU
		{8DB233E1-3712-4FFD-95E0-A57560E4EE3A}.Release|Any CPU.ActiveCfg = Release|Any CPU
		{8DB233E1-3712-4FFD-95E0-A57560E4EE3A}.Release|Any CPU.Build.0 = Release|Any CPU
		{146C7DA0-CFF0-4C2D-A95D-0AF474058FEB}.Debug|Any CPU.ActiveCfg = Debug|Any CPU
		{146C7DA0-CFF0-4C2D-A95D-0AF474058FEB}.Debug|Any CPU.Build.0 = Debug|Any CPU
		{146C7DA0-CFF0-4C2D-A95D-0AF474058FEB}.Release|Any CPU.ActiveCfg = Release|Any CPU
		{146C7DA0-CFF0-4C2D-A95D-0AF474058FEB}.Release|Any CPU.Build.0 = Release|Any CPU
		{FA4B5CF7-7B8B-4EE8-951A-A5E259DCF060}.Debug|Any CPU.ActiveCfg = Debug|Any CPU
		{FA4B5CF7-7B8B-4EE8-951A-A5E259DCF060}.Debug|Any CPU.Build.0 = Debug|Any CPU
		{FA4B5CF7-7B8B-4EE8-951A-A5E259DCF060}.Release|Any CPU.ActiveCfg = Release|Any CPU
		{FA4B5CF7-7B8B-4EE8-951A-A5E259DCF060}.Release|Any CPU.Build.0 = Release|Any CPU
		{2B4A0D86-710C-4786-A3A1-12A1D043B3B0}.Debug|Any CPU.ActiveCfg = Debug|Any CPU
		{2B4A0D86-710C-4786-A3A1-12A1D043B3B0}.Debug|Any CPU.Build.0 = Debug|Any CPU
		{2B4A0D86-710C-4786-A3A1-12A1D043B3B0}.Release|Any CPU.ActiveCfg = Release|Any CPU
		{2B4A0D86-710C-4786-A3A1-12A1D043B3B0}.Release|Any CPU.Build.0 = Release|Any CPU
		{A94FA880-C393-4843-B669-7E80B45C0489}.Debug|Any CPU.ActiveCfg = Debug|Any CPU
		{A94FA880-C393-4843-B669-7E80B45C0489}.Debug|Any CPU.Build.0 = Debug|Any CPU
		{A94FA880-C393-4843-B669-7E80B45C0489}.Release|Any CPU.ActiveCfg = Release|Any CPU
		{A94FA880-C393-4843-B669-7E80B45C0489}.Release|Any CPU.Build.0 = Release|Any CPU
		{09972106-4846-44B9-812A-E41C200043FC}.Debug|Any CPU.ActiveCfg = Debug|Any CPU
		{09972106-4846-44B9-812A-E41C200043FC}.Debug|Any CPU.Build.0 = Debug|Any CPU
		{09972106-4846-44B9-812A-E41C200043FC}.Release|Any CPU.ActiveCfg = Release|Any CPU
		{09972106-4846-44B9-812A-E41C200043FC}.Release|Any CPU.Build.0 = Release|Any CPU
		{A1874CBF-F10A-42BE-93C0-BC7E6A7FE3CA}.Debug|Any CPU.ActiveCfg = Debug|Any CPU
		{A1874CBF-F10A-42BE-93C0-BC7E6A7FE3CA}.Debug|Any CPU.Build.0 = Debug|Any CPU
		{A1874CBF-F10A-42BE-93C0-BC7E6A7FE3CA}.Release|Any CPU.ActiveCfg = Release|Any CPU
		{A1874CBF-F10A-42BE-93C0-BC7E6A7FE3CA}.Release|Any CPU.Build.0 = Release|Any CPU
		{D77EAE8D-EA7A-4B73-A4C2-1D975225AF9D}.Debug|Any CPU.ActiveCfg = Debug|Any CPU
		{D77EAE8D-EA7A-4B73-A4C2-1D975225AF9D}.Debug|Any CPU.Build.0 = Debug|Any CPU
		{D77EAE8D-EA7A-4B73-A4C2-1D975225AF9D}.Release|Any CPU.ActiveCfg = Release|Any CPU
		{D77EAE8D-EA7A-4B73-A4C2-1D975225AF9D}.Release|Any CPU.Build.0 = Release|Any CPU
		{9FF1306E-4100-4C41-A8F8-9D567C9AC56E}.Debug|Any CPU.ActiveCfg = Debug|Any CPU
		{9FF1306E-4100-4C41-A8F8-9D567C9AC56E}.Debug|Any CPU.Build.0 = Debug|Any CPU
		{9FF1306E-4100-4C41-A8F8-9D567C9AC56E}.Release|Any CPU.ActiveCfg = Release|Any CPU
		{9FF1306E-4100-4C41-A8F8-9D567C9AC56E}.Release|Any CPU.Build.0 = Release|Any CPU
		{2DE9F17C-F772-4B5C-A865-655E8BA95C3C}.Debug|Any CPU.ActiveCfg = Debug|Any CPU
		{2DE9F17C-F772-4B5C-A865-655E8BA95C3C}.Debug|Any CPU.Build.0 = Debug|Any CPU
		{2DE9F17C-F772-4B5C-A865-655E8BA95C3C}.Release|Any CPU.ActiveCfg = Release|Any CPU
		{2DE9F17C-F772-4B5C-A865-655E8BA95C3C}.Release|Any CPU.Build.0 = Release|Any CPU
		{70095660-3A89-43DE-8792-579723F0C3C1}.Debug|Any CPU.ActiveCfg = Debug|Any CPU
		{70095660-3A89-43DE-8792-579723F0C3C1}.Debug|Any CPU.Build.0 = Debug|Any CPU
		{70095660-3A89-43DE-8792-579723F0C3C1}.Release|Any CPU.ActiveCfg = Release|Any CPU
		{70095660-3A89-43DE-8792-579723F0C3C1}.Release|Any CPU.Build.0 = Release|Any CPU
		{C07127DE-9DBA-4D22-8353-CD96DBC905FF}.Debug|Any CPU.ActiveCfg = Debug|Any CPU
		{C07127DE-9DBA-4D22-8353-CD96DBC905FF}.Debug|Any CPU.Build.0 = Debug|Any CPU
		{C07127DE-9DBA-4D22-8353-CD96DBC905FF}.Release|Any CPU.ActiveCfg = Release|Any CPU
		{C07127DE-9DBA-4D22-8353-CD96DBC905FF}.Release|Any CPU.Build.0 = Release|Any CPU
		{EED02864-4E42-47ED-AD68-416188CA73DA}.Debug|Any CPU.ActiveCfg = Debug|Any CPU
		{EED02864-4E42-47ED-AD68-416188CA73DA}.Debug|Any CPU.Build.0 = Debug|Any CPU
		{EED02864-4E42-47ED-AD68-416188CA73DA}.Release|Any CPU.ActiveCfg = Release|Any CPU
		{EED02864-4E42-47ED-AD68-416188CA73DA}.Release|Any CPU.Build.0 = Release|Any CPU
		{A6A4BE1B-DDF6-496C-9F78-5BD546261722}.Debug|Any CPU.ActiveCfg = Debug|Any CPU
		{A6A4BE1B-DDF6-496C-9F78-5BD546261722}.Debug|Any CPU.Build.0 = Debug|Any CPU
		{A6A4BE1B-DDF6-496C-9F78-5BD546261722}.Release|Any CPU.ActiveCfg = Release|Any CPU
		{A6A4BE1B-DDF6-496C-9F78-5BD546261722}.Release|Any CPU.Build.0 = Release|Any CPU
		{89964DA2-8D85-422F-9351-379ADB2F51CE}.Debug|Any CPU.ActiveCfg = Debug|Any CPU
		{89964DA2-8D85-422F-9351-379ADB2F51CE}.Debug|Any CPU.Build.0 = Debug|Any CPU
		{89964DA2-8D85-422F-9351-379ADB2F51CE}.Release|Any CPU.ActiveCfg = Release|Any CPU
		{89964DA2-8D85-422F-9351-379ADB2F51CE}.Release|Any CPU.Build.0 = Release|Any CPU
		{CB21F4C6-96F8-43AA-8CD2-0425509D5FD1}.Debug|Any CPU.ActiveCfg = Debug|Any CPU
		{CB21F4C6-96F8-43AA-8CD2-0425509D5FD1}.Debug|Any CPU.Build.0 = Debug|Any CPU
		{CB21F4C6-96F8-43AA-8CD2-0425509D5FD1}.Release|Any CPU.ActiveCfg = Release|Any CPU
		{CB21F4C6-96F8-43AA-8CD2-0425509D5FD1}.Release|Any CPU.Build.0 = Release|Any CPU
		{2CDD4901-D49F-4E2C-B0C4-B7081FBE5571}.Debug|Any CPU.ActiveCfg = Debug|Any CPU
		{2CDD4901-D49F-4E2C-B0C4-B7081FBE5571}.Debug|Any CPU.Build.0 = Debug|Any CPU
		{2CDD4901-D49F-4E2C-B0C4-B7081FBE5571}.Release|Any CPU.ActiveCfg = Release|Any CPU
		{2CDD4901-D49F-4E2C-B0C4-B7081FBE5571}.Release|Any CPU.Build.0 = Release|Any CPU
		{A9140EDA-02DD-4F21-A1C9-74020FE5F7C4}.Debug|Any CPU.ActiveCfg = Debug|Any CPU
		{A9140EDA-02DD-4F21-A1C9-74020FE5F7C4}.Debug|Any CPU.Build.0 = Debug|Any CPU
		{A9140EDA-02DD-4F21-A1C9-74020FE5F7C4}.Release|Any CPU.ActiveCfg = Release|Any CPU
		{A9140EDA-02DD-4F21-A1C9-74020FE5F7C4}.Release|Any CPU.Build.0 = Release|Any CPU
		{CFAFC828-5AF4-442E-B658-A6429042A602}.Debug|Any CPU.ActiveCfg = Debug|Any CPU
		{CFAFC828-5AF4-442E-B658-A6429042A602}.Debug|Any CPU.Build.0 = Debug|Any CPU
		{CFAFC828-5AF4-442E-B658-A6429042A602}.Release|Any CPU.ActiveCfg = Release|Any CPU
		{CFAFC828-5AF4-442E-B658-A6429042A602}.Release|Any CPU.Build.0 = Release|Any CPU
	EndGlobalSection
	GlobalSection(SolutionProperties) = preSolution
		HideSolutionNode = FALSE
	EndGlobalSection
	GlobalSection(NestedProjects) = preSolution
		{4049EAC9-3B77-4F93-BF44-36B99F700747} = {8EABE62D-AED6-4955-BC8B-BA01F1007A0A}
		{9996C3E6-7609-416A-B7EC-434194E96C7C} = {8EABE62D-AED6-4955-BC8B-BA01F1007A0A}
		{FDFA8358-6A0D-4545-AD83-65912B667A4C} = {8EABE62D-AED6-4955-BC8B-BA01F1007A0A}
		{8DB233E1-3712-4FFD-95E0-A57560E4EE3A} = {BE2DACC6-E33C-47BB-B4BC-7D28BD745151}
		{146C7DA0-CFF0-4C2D-A95D-0AF474058FEB} = {BE2DACC6-E33C-47BB-B4BC-7D28BD745151}
		{FA4B5CF7-7B8B-4EE8-951A-A5E259DCF060} = {E303BE2F-CB2E-43E7-B7FC-6E09D858F824}
		{2B4A0D86-710C-4786-A3A1-12A1D043B3B0} = {E303BE2F-CB2E-43E7-B7FC-6E09D858F824}
		{A94FA880-C393-4843-B669-7E80B45C0489} = {8EABE62D-AED6-4955-BC8B-BA01F1007A0A}
		{09972106-4846-44B9-812A-E41C200043FC} = {BE2DACC6-E33C-47BB-B4BC-7D28BD745151}
		{A1874CBF-F10A-42BE-93C0-BC7E6A7FE3CA} = {BE2DACC6-E33C-47BB-B4BC-7D28BD745151}
		{D77EAE8D-EA7A-4B73-A4C2-1D975225AF9D} = {2AC0CC49-E5F9-44A5-A537-2944B84300D4}
		{9FF1306E-4100-4C41-A8F8-9D567C9AC56E} = {E303BE2F-CB2E-43E7-B7FC-6E09D858F824}
		{2DE9F17C-F772-4B5C-A865-655E8BA95C3C} = {2AC0CC49-E5F9-44A5-A537-2944B84300D4}
		{70095660-3A89-43DE-8792-579723F0C3C1} = {2AC0CC49-E5F9-44A5-A537-2944B84300D4}
		{EED02864-4E42-47ED-AD68-416188CA73DA} = {BE2DACC6-E33C-47BB-B4BC-7D28BD745151}
		{A9140EDA-02DD-4F21-A1C9-74020FE5F7C4} = {BE2DACC6-E33C-47BB-B4BC-7D28BD745151}
		{CFAFC828-5AF4-442E-B658-A6429042A602} = {BE2DACC6-E33C-47BB-B4BC-7D28BD745151}
	EndGlobalSection
	GlobalSection(ExtensibilityGlobals) = postSolution
		SolutionGuid = {5DFCC1C1-D67F-44CD-9BAF-367C3796C8C2}
	EndGlobalSection
EndGlobal
